# This file was autogenerated by Stack.
# You should not edit this file by hand.
# For more information, please see the documentation at:
#   https://docs.haskellstack.org/en/stable/topics/lock_files

packages: []
snapshots:
- completed:
    sha256: 5851c9fcb30f350a167916d8873bdd53c149ce73ceb9637f4caba0cd554c2af6
    size: 732465
    url: https://raw.githubusercontent.com/commercialhaskell/stackage-snapshots/master/lts/24/60.yaml
  original:
    url: https://raw.githubusercontent.com/commercialhaskell/stackage-snapshots/master/lts/24/60.yaml
