# This file was autogenerated by Stack.
# You should not edit this file by hand.
# For more information, please see the documentation at:
#   https://docs.haskellstack.org/en/stable/lock_files

packages:
- completed:
    hackage: base64-1.0@sha256:304b260d9dba7cb04118e6fe84e1eb2de72212461460e4eea3684115c059dfa6,2861
    pantry-tree:
      sha256: 26e9d6a30f58bb0ad62a53401123cb9c4190be4be4d7546311c1df93a0a1175d
      size: 2229
  original:
    hackage: base64-1.0
snapshots:
- completed:
    sha256: dd89d2322cb5af74c6ab9d96c0c5f6c8e6653e0c991d619b4bb141a49cb98668
    size: 679282
    url: https://raw.githubusercontent.com/commercialhaskell/stackage-snapshots/master/lts/23/3.yaml
  original:
    url: https://raw.githubusercontent.com/commercialhaskell/stackage-snapshots/master/lts/23/3.yaml
